
Microsoft Visual Studio Solution File, Format Version 12.00
# Visual Studio Version 17
VisualStudioVersion = 17.6.33815.320
MinimumVisualStudioVersion = 10.0.40219.1
Project("{FAE04EC0-301F-11D3-BF4B-00C04F79EFBC}") = "RealEstate", "RealEstate\RealEstate.csproj", "{9068841B-F5A4-41D5-A083-0880206F03D8}"
EndProject
Global
	GlobalSection(SolutionConfigurationPlatforms) = preSolution
		Debug|Any CPU = Debug|Any CPU
		Release|Any CPU = Release|Any CPU
	EndGlobalSection
	GlobalSection(ProjectConfigurationPlatforms) = postSolution
		{9068841B-F5A4-41D5-A083-0880206F03D8}.Debug|Any CPU.ActiveCfg = Debug|Any CPU
		{9068841B-F5A4-41D5-A083-0880206F03D8}.Debug|Any CPU.Build.0 = Debug|Any CPU
		{9068841B-F5A4-41D5-A083-0880206F03D8}.Release|Any CPU.ActiveCfg = Release|Any CPU
		{9068841B-F5A4-41D5-A083-0880206F03D8}.Release|Any CPU.Build.0 = Release|Any CPU
	EndGlobalSection
	GlobalSection(SolutionProperties) = preSolution
		HideSolutionNode = FALSE
	EndGlobalSection
	GlobalSection(ExtensibilityGlobals) = postSolution
		SolutionGuid = {19166F52-EF33-493B-B301-E2BF7AA08111}
	EndGlobalSection
EndGlobal
